
Microsoft Visual Studio Solution File, Format Version 12.00
# Visual Studio 15
VisualStudioVersion = 15.0.26730.12
MinimumVisualStudioVersion = 10.0.40219.1
Project("{FAE04EC0-301F-11D3-BF4B-00C04F79EFBC}") = "Case00030984.Host", "Case00030984.Host.csproj", "{9192A220-44FE-4F0B-8462-8CC2E3500A3F}"
EndProject
Global
	GlobalSection(SolutionConfigurationPlatforms) = preSolution
		Debug|Any CPU = Debug|Any CPU
		Release|Any CPU = Release|Any CPU
	EndGlobalSection
	GlobalSection(ProjectConfigurationPlatforms) = postSolution
		{9192A220-44FE-4F0B-8462-8CC2E3500A3F}.Debug|Any CPU.ActiveCfg = Debug|Any CPU
		{9192A220-44FE-4F0B-8462-8CC2E3500A3F}.Debug|Any CPU.Build.0 = Debug|Any CPU
		{9192A220-44FE-4F0B-8462-8CC2E3500A3F}.Release|Any CPU.ActiveCfg = Release|Any CPU
		{9192A220-44FE-4F0B-8462-8CC2E3500A3F}.Release|Any CPU.Build.0 = Release|Any CPU
	EndGlobalSection
	GlobalSection(SolutionProperties) = preSolution
		HideSolutionNode = FALSE
	EndGlobalSection
	GlobalSection(ExtensibilityGlobals) = postSolution
		SolutionGuid = {B483935A-30AE-4D30-80F3-6F778396B04C}
	EndGlobalSection
EndGlobal
